
Microsoft Visual Studio Solution File, Format Version 12.00
# Visual Studio 15
VisualStudioVersion = 15.0.28010.2046
MinimumVisualStudioVersion = 10.0.40219.1
Project("{FAE04EC0-301F-11D3-BF4B-00C04F79EFBC}") = "AppMerende", "AppMerende.csproj", "{21711C42-06AB-48DF-BE41-EE5D24B6B09E}"
EndProject
Global
	GlobalSection(SolutionConfigurationPlatforms) = preSolution
		Debug|Any CPU = Debug|Any CPU
		Release|Any CPU = Release|Any CPU
	EndGlobalSection
	GlobalSection(ProjectConfigurationPlatforms) = postSolution
		{21711C42-06AB-48DF-BE41-EE5D24B6B09E}.Debug|Any CPU.ActiveCfg = Debug|Any CPU
		{21711C42-06AB-48DF-BE41-EE5D24B6B09E}.Debug|Any CPU.Build.0 = Debug|Any CPU
		{21711C42-06AB-48DF-BE41-EE5D24B6B09E}.Release|Any CPU.ActiveCfg = Release|Any CPU
		{21711C42-06AB-48DF-BE41-EE5D24B6B09E}.Release|Any CPU.Build.0 = Release|Any CPU
	EndGlobalSection
	GlobalSection(SolutionProperties) = preSolution
		HideSolutionNode = FALSE
	EndGlobalSection
	GlobalSection(ExtensibilityGlobals) = postSolution
		SolutionGuid = {92C08865-39BA-427C-A969-8552C09AFA99}
	EndGlobalSection
EndGlobal
